
Microsoft Visual Studio Solution File, Format Version 12.00
# Visual Studio Version 17
VisualStudioVersion = 17.11.35303.130
MinimumVisualStudioVersion = 10.0.40219.1
Project("{FAE04EC0-301F-11D3-BF4B-00C04F79EFBC}") = "DemoTriggers", "DemoTriggers\DemoTriggers.csproj", "{6E4AC8BB-A42F-4115-92E1-4995BC85C597}"
EndProject
Global
	GlobalSection(SolutionConfigurationPlatforms) = preSolution
		Debug|Any CPU = Debug|Any CPU
		Release|Any CPU = Release|Any CPU
	EndGlobalSection
	GlobalSection(ProjectConfigurationPlatforms) = postSolution
		{6E4AC8BB-A42F-4115-92E1-4995BC85C597}.Debug|Any CPU.ActiveCfg = Debug|Any CPU
		{6E4AC8BB-A42F-4115-92E1-4995BC85C597}.Debug|Any CPU.Build.0 = Debug|Any CPU
		{6E4AC8BB-A42F-4115-92E1-4995BC85C597}.Release|Any CPU.ActiveCfg = Release|Any CPU
		{6E4AC8BB-A42F-4115-92E1-4995BC85C597}.Release|Any CPU.Build.0 = Release|Any CPU
	EndGlobalSection
	GlobalSection(SolutionProperties) = preSolution
		HideSolutionNode = FALSE
	EndGlobalSection
	GlobalSection(ExtensibilityGlobals) = postSolution
		SolutionGuid = {BED10985-9319-4E9A-B01F-4B863538CA93}
	EndGlobalSection
EndGlobal
